
Microsoft Visual Studio Solution File, Format Version 12.00
Project("{FAE04EC0-301F-11D3-BF4B-00C04F79EFBC}") = "Sandbox", "Sandbox\Sandbox.csproj", "{073131FB-66F3-49D3-8C85-DCDAEA5DE2F7}"
EndProject
Global
	GlobalSection(SolutionConfigurationPlatforms) = preSolution
		Debug|Any CPU = Debug|Any CPU
		Release|Any CPU = Release|Any CPU
	EndGlobalSection
	GlobalSection(ProjectConfigurationPlatforms) = postSolution
		{073131FB-66F3-49D3-8C85-DCDAEA5DE2F7}.Debug|Any CPU.ActiveCfg = Debug|Any CPU
		{073131FB-66F3-49D3-8C85-DCDAEA5DE2F7}.Debug|Any CPU.Build.0 = Debug|Any CPU
		{073131FB-66F3-49D3-8C85-DCDAEA5DE2F7}.Release|Any CPU.ActiveCfg = Release|Any CPU
		{073131FB-66F3-49D3-8C85-DCDAEA5DE2F7}.Release|Any CPU.Build.0 = Release|Any CPU
	EndGlobalSection
EndGlobal
